Microsoft Visual Studio Solution File, Format Version 12.00
# Visual Studio Version 17
VisualStudioVersion = 17.5.2.0
MinimumVisualStudioVersion = 10.0.40219.1
Project("{FAE04EC0-301F-11D3-BF4B-00C04F79EFBC}") = "guessing-number.Test.Test", "guessing-number.Test.Test.csproj", "{A2ED54D8-ECED-5CA3-E9F7-4796B7FBA760}"
EndProject
Global
	GlobalSection(SolutionConfigurationPlatforms) = preSolution
		Debug|Any CPU = Debug|Any CPU
		Release|Any CPU = Release|Any CPU
	EndGlobalSection
	GlobalSection(ProjectConfigurationPlatforms) = postSolution
		{A2ED54D8-ECED-5CA3-E9F7-4796B7FBA760}.Debug|Any CPU.ActiveCfg = Debug|Any CPU
		{A2ED54D8-ECED-5CA3-E9F7-4796B7FBA760}.Debug|Any CPU.Build.0 = Debug|Any CPU
		{A2ED54D8-ECED-5CA3-E9F7-4796B7FBA760}.Release|Any CPU.ActiveCfg = Release|Any CPU
		{A2ED54D8-ECED-5CA3-E9F7-4796B7FBA760}.Release|Any CPU.Build.0 = Release|Any CPU
	EndGlobalSection
	GlobalSection(SolutionProperties) = preSolution
		HideSolutionNode = FALSE
	EndGlobalSection
	GlobalSection(ExtensibilityGlobals) = postSolution
		SolutionGuid = {F3F2D800-FB19-40D4-ACA6-8C3150943A79}
	EndGlobalSection
EndGlobal
